
Microsoft Visual Studio Solution File, Format Version 12.00
Project("{FAE04EC0-301F-11D3-BF4B-00C04F79EFBC}") = "UITracking", "UITracking\UITracking.csproj", "{3B6A0FA7-3F79-4546-915E-7392722633B5}"
EndProject
Project("{FAE04EC0-301F-11D3-BF4B-00C04F79EFBC}") = "ServerScripts", "ServerScripts\ServerScripts.csproj", "{3DEEA5AE-4F47-4A41-9F73-14944F3580ED}"
EndProject
Global
	GlobalSection(SolutionConfigurationPlatforms) = preSolution
		Debug|Any CPU = Debug|Any CPU
		Release|Any CPU = Release|Any CPU
	EndGlobalSection
	GlobalSection(ProjectConfigurationPlatforms) = postSolution
		{3B6A0FA7-3F79-4546-915E-7392722633B5}.Debug|Any CPU.ActiveCfg = Debug|Any CPU
		{3B6A0FA7-3F79-4546-915E-7392722633B5}.Debug|Any CPU.Build.0 = Debug|Any CPU
		{3B6A0FA7-3F79-4546-915E-7392722633B5}.Release|Any CPU.ActiveCfg = Release|Any CPU
		{3B6A0FA7-3F79-4546-915E-7392722633B5}.Release|Any CPU.Build.0 = Release|Any CPU
		{3DEEA5AE-4F47-4A41-9F73-14944F3580ED}.Debug|Any CPU.ActiveCfg = Debug|Any CPU
		{3DEEA5AE-4F47-4A41-9F73-14944F3580ED}.Debug|Any CPU.Build.0 = Debug|Any CPU
		{3DEEA5AE-4F47-4A41-9F73-14944F3580ED}.Release|Any CPU.ActiveCfg = Release|Any CPU
		{3DEEA5AE-4F47-4A41-9F73-14944F3580ED}.Release|Any CPU.Build.0 = Release|Any CPU
	EndGlobalSection
EndGlobal
